
Microsoft Visual Studio Solution File, Format Version 12.00
# Visual Studio Version 16
VisualStudioVersion = 16.0.31624.102
MinimumVisualStudioVersion = 10.0.40219.1
Project("{F184B08F-C81C-45F6-A57F-5ABD9991F28F}") = "Lab 4", "Lab 4\Lab 4.vbproj", "{48D3C0F1-8C7A-426D-8776-901562BE706A}"
EndProject
Global
	GlobalSection(SolutionConfigurationPlatforms) = preSolution
		Debug|Any CPU = Debug|Any CPU
		Release|Any CPU = Release|Any CPU
	EndGlobalSection
	GlobalSection(ProjectConfigurationPlatforms) = postSolution
		{48D3C0F1-8C7A-426D-8776-901562BE706A}.Debug|Any CPU.ActiveCfg = Debug|Any CPU
		{48D3C0F1-8C7A-426D-8776-901562BE706A}.Debug|Any CPU.Build.0 = Debug|Any CPU
		{48D3C0F1-8C7A-426D-8776-901562BE706A}.Release|Any CPU.ActiveCfg = Release|Any CPU
		{48D3C0F1-8C7A-426D-8776-901562BE706A}.Release|Any CPU.Build.0 = Release|Any CPU
	EndGlobalSection
	GlobalSection(SolutionProperties) = preSolution
		HideSolutionNode = FALSE
	EndGlobalSection
	GlobalSection(ExtensibilityGlobals) = postSolution
		SolutionGuid = {F6B9DB4F-725F-4603-99F9-EDA4B834662C}
	EndGlobalSection
EndGlobal
